// !$*UTF8*$!
{
	archiveVersion = 1;
	classes = {
	};
	objectVersion = 50;
	objects = {

/* Begin PBXBuildFile section */
		191692FC231A99E900EA8AC7 /* 561. Array Partition I.swift in Sources */ = {isa = PBXBuildFile; fileRef = 191692FB231A99E900EA8AC7 /* 561. Array Partition I.swift */; };
		191692FE231A9D6400EA8AC7 /* 942. DI String Match.swift in Sources */ = {isa = PBXBuildFile; fileRef = 191692FD231A9D6400EA8AC7 /* 942. DI String Match.swift */; };
		19169300231AA3AC00EA8AC7 /* 1160. Find Words That Can Be Formed by Characters.swift in Sources */ = {isa = PBXBuildFile; fileRef = 191692FF231AA3AC00EA8AC7 /* 1160. Find Words That Can Be Formed by Characters.swift */; };
		19169302231AA5F100EA8AC7 /* 944. Delete Columns to Make Sorted.swift in Sources */ = {isa = PBXBuildFile; fileRef = 19169301231AA5F100EA8AC7 /* 944. Delete Columns to Make Sorted.swift */; };
		19169304231B8B4F00EA8AC7 /* 700. Search in a Binary Search Tree.swift in Sources */ = {isa = PBXBuildFile; fileRef = 19169303231B8B4F00EA8AC7 /* 700. Search in a Binary Search Tree.swift */; };
		19169306231B8E8700EA8AC7 /* 1051. Height Checker.swift in Sources */ = {isa = PBXBuildFile; fileRef = 19169305231B8E8700EA8AC7 /* 1051. Height Checker.swift */; };
		19169308231B90F100EA8AC7 /* 922. Sort Array By Parity II.swift in Sources */ = {isa = PBXBuildFile; fileRef = 19169307231B90F100EA8AC7 /* 922. Sort Array By Parity II.swift */; };
		1916930A231B932B00EA8AC7 /* 965. Univalued Binary Tree.swift in Sources */ = {isa = PBXBuildFile; fileRef = 19169309231B932B00EA8AC7 /* 965. Univalued Binary Tree.swift */; };
		1916930C231B9CBA00EA8AC7 /* 811. Subdomain Visit Count.swift in Sources */ = {isa = PBXBuildFile; fileRef = 1916930B231B9CBA00EA8AC7 /* 811. Subdomain Visit Count.swift */; };
		1916930E231B9F0F00EA8AC7 /* 876. Middle of the Linked List.swift in Sources */ = {isa = PBXBuildFile; fileRef = 1916930D231B9F0F00EA8AC7 /* 876. Middle of the Linked List.swift */; };
		19169310231BA0B200EA8AC7 /* 557. Reverse Words in a String III.swift in Sources */ = {isa = PBXBuildFile; fileRef = 1916930F231BA0B200EA8AC7 /* 557. Reverse Words in a String III.swift */; };
		19169312231BD31500EA8AC7 /* 338. Counting Bits.swift in Sources */ = {isa = PBXBuildFile; fileRef = 19169311231BD31500EA8AC7 /* 338. Counting Bits.swift */; };
		19169314231BD53900EA8AC7 /* 412. Fizz Buzz.swift in Sources */ = {isa = PBXBuildFile; fileRef = 19169313231BD53900EA8AC7 /* 412. Fizz Buzz.swift */; };
		19497A3322DEB606007CE9AC /* 509. Fibonacci Number.swift in Sources */ = {isa = PBXBuildFile; fileRef = 19497A3222DEB606007CE9AC /* 509. Fibonacci Number.swift */; };
		19497A3522E02E21007CE9AC /* 1078. Occurrences After Bigram.swift in Sources */ = {isa = PBXBuildFile; fileRef = 19497A3422E02E21007CE9AC /* 1078. Occurrences After Bigram.swift */; };
		1959D9C822D714B20050D75E /* main.swift in Sources */ = {isa = PBXBuildFile; fileRef = 1959D9C722D714B20050D75E /* main.swift */; };
		1959D9CF22D714C10050D75E /* 1. Two Sum.swift in Sources */ = {isa = PBXBuildFile; fileRef = 1959D9CE22D714C10050D75E /* 1. Two Sum.swift */; };
		1959D9D122D717080050D75E /* 1108. Defanging an IP Address.swift in Sources */ = {isa = PBXBuildFile; fileRef = 1959D9D022D717080050D75E /* 1108. Defanging an IP Address.swift */; };
		1959D9D322D71CBE0050D75E /* 771. Jewels and Stones.swift in Sources */ = {isa = PBXBuildFile; fileRef = 1959D9D222D71CBE0050D75E /* 771. Jewels and Stones.swift */; };
		1959D9D522D821F90050D75E /* 709. To Lower Case.swift in Sources */ = {isa = PBXBuildFile; fileRef = 1959D9D422D821F90050D75E /* 709. To Lower Case.swift */; };
		1959D9D722D825AF0050D75E /* 938. Range Sum of BST.swift in Sources */ = {isa = PBXBuildFile; fileRef = 1959D9D622D825AF0050D75E /* 938. Range Sum of BST.swift */; };
		1959D9D922D830A00050D75E /* 1021. Remove Outermost Parantheses.swift in Sources */ = {isa = PBXBuildFile; fileRef = 1959D9D822D830A00050D75E /* 1021. Remove Outermost Parantheses.swift */; };
		1959D9DB22D846610050D75E /* 804. Unique Morse Code Words.swift in Sources */ = {isa = PBXBuildFile; fileRef = 1959D9DA22D846610050D75E /* 804. Unique Morse Code Words.swift */; };
		1959D9DD22D872B40050D75E /* 832. Flipping an Image.swift in Sources */ = {isa = PBXBuildFile; fileRef = 1959D9DC22D872B40050D75E /* 832. Flipping an Image.swift */; };
		1959D9DF22D87A1A0050D75E /* 905. Sort Array By Parity.swift in Sources */ = {isa = PBXBuildFile; fileRef = 1959D9DE22D87A1A0050D75E /* 905. Sort Array By Parity.swift */; };
		1959D9E122D8E78E0050D75E /* 961. N-Repeated Element in Size 2N Array.swift in Sources */ = {isa = PBXBuildFile; fileRef = 1959D9E022D8E78E0050D75E /* 961. N-Repeated Element in Size 2N Array.swift */; };
		1959D9E322D8E9DC0050D75E /* 977. Squares of a Sorted Array.swift in Sources */ = {isa = PBXBuildFile; fileRef = 1959D9E222D8E9DC0050D75E /* 977. Squares of a Sorted Array.swift */; };
		1959D9E522D8EB2C0050D75E /* 657. Robot Return to Origin.swift in Sources */ = {isa = PBXBuildFile; fileRef = 1959D9E422D8EB2C0050D75E /* 657. Robot Return to Origin.swift */; };
		1959D9E722D8EDAD0050D75E /* 728. Self Dividing Numbers.swift in Sources */ = {isa = PBXBuildFile; fileRef = 1959D9E622D8EDAD0050D75E /* 728. Self Dividing Numbers.swift */; };
		1959D9E922D9C87A0050D75E /* 461. Hamming Distance.swift in Sources */ = {isa = PBXBuildFile; fileRef = 1959D9E822D9C87A0050D75E /* 461. Hamming Distance.swift */; };
		1959D9EB22DB7BC30050D75E /* 617. Merge Two Binary Trees.swift in Sources */ = {isa = PBXBuildFile; fileRef = 1959D9EA22DB7BC30050D75E /* 617. Merge Two Binary Trees.swift */; };
		1959D9ED22DC0CB30050D75E /* 929. Unique Email Address.swift in Sources */ = {isa = PBXBuildFile; fileRef = 1959D9EC22DC0CB30050D75E /* 929. Unique Email Address.swift */; };
		19AF7CCB22DC9D2900A4366B /* 852. Peak Index in a Mountain Array.swift in Sources */ = {isa = PBXBuildFile; fileRef = 19AF7CCA22DC9D2900A4366B /* 852. Peak Index in a Mountain Array.swift */; };
		19AF7CE422DD5E6800A4366B /* 1122. Relative Sort Array.swift in Sources */ = {isa = PBXBuildFile; fileRef = 19AF7CE322DD5E6800A4366B /* 1122. Relative Sort Array.swift */; };
/* End PBXBuildFile section */

/* Begin PBXCopyFilesBuildPhase section */
		1959D9C222D714B20050D75E /* CopyFiles */ = {
			isa = PBXCopyFilesBuildPhase;
			buildActionMask = 2147483647;
			dstPath = /usr/share/man/man1/;
			dstSubfolderSpec = 0;
			files = (
			);
			runOnlyForDeploymentPostprocessing = 1;
		};
/* End PBXCopyFilesBuildPhase section */

/* Begin PBXFileReference section */
		191692FB231A99E900EA8AC7 /* 561. Array Partition I.swift */ = {isa = PBXFileReference; lastKnownFileType = sourcecode.swift; path = "561. Array Partition I.swift"; sourceTree = "<group>"; };
		191692FD231A9D6400EA8AC7 /* 942. DI String Match.swift */ = {isa = PBXFileReference; lastKnownFileType = sourcecode.swift; path = "942. DI String Match.swift"; sourceTree = "<group>"; };
		191692FF231AA3AC00EA8AC7 /* 1160. Find Words That Can Be Formed by Characters.swift */ = {isa = PBXFileReference; lastKnownFileType = sourcecode.swift; path = "1160. Find Words That Can Be Formed by Characters.swift"; sourceTree = "<group>"; };
		19169301231AA5F100EA8AC7 /* 944. Delete Columns to Make Sorted.swift */ = {isa = PBXFileReference; lastKnownFileType = sourcecode.swift; path = "944. Delete Columns to Make Sorted.swift"; sourceTree = "<group>"; };
		19169303231B8B4F00EA8AC7 /* 700. Search in a Binary Search Tree.swift */ = {isa = PBXFileReference; lastKnownFileType = sourcecode.swift; path = "700. Search in a Binary Search Tree.swift"; sourceTree = "<group>"; };
		19169305231B8E8700EA8AC7 /* 1051. Height Checker.swift */ = {isa = PBXFileReference; lastKnownFileType = sourcecode.swift; path = "1051. Height Checker.swift"; sourceTree = "<group>"; };
		19169307231B90F100EA8AC7 /* 922. Sort Array By Parity II.swift */ = {isa = PBXFileReference; lastKnownFileType = sourcecode.swift; path = "922. Sort Array By Parity II.swift"; sourceTree = "<group>"; };
		19169309231B932B00EA8AC7 /* 965. Univalued Binary Tree.swift */ = {isa = PBXFileReference; lastKnownFileType = sourcecode.swift; path = "965. Univalued Binary Tree.swift"; sourceTree = "<group>"; };
		1916930B231B9CBA00EA8AC7 /* 811. Subdomain Visit Count.swift */ = {isa = PBXFileReference; lastKnownFileType = sourcecode.swift; path = "811. Subdomain Visit Count.swift"; sourceTree = "<group>"; };
		1916930D231B9F0F00EA8AC7 /* 876. Middle of the Linked List.swift */ = {isa = PBXFileReference; lastKnownFileType = sourcecode.swift; path = "876. Middle of the Linked List.swift"; sourceTree = "<group>"; };
		1916930F231BA0B200EA8AC7 /* 557. Reverse Words in a String III.swift */ = {isa = PBXFileReference; lastKnownFileType = sourcecode.swift; path = "557. Reverse Words in a String III.swift"; sourceTree = "<group>"; };
		19169311231BD31500EA8AC7 /* 338. Counting Bits.swift */ = {isa = PBXFileReference; lastKnownFileType = sourcecode.swift; path = "338. Counting Bits.swift"; sourceTree = "<group>"; };
		19169313231BD53900EA8AC7 /* 412. Fizz Buzz.swift */ = {isa = PBXFileReference; lastKnownFileType = sourcecode.swift; path = "412. Fizz Buzz.swift"; sourceTree = "<group>"; };
		19497A3222DEB606007CE9AC /* 509. Fibonacci Number.swift */ = {isa = PBXFileReference; lastKnownFileType = sourcecode.swift; path = "509. Fibonacci Number.swift"; sourceTree = "<group>"; };
		19497A3422E02E21007CE9AC /* 1078. Occurrences After Bigram.swift */ = {isa = PBXFileReference; lastKnownFileType = sourcecode.swift; path = "1078. Occurrences After Bigram.swift"; sourceTree = "<group>"; };
		1959D9C422D714B20050D75E /* LeetCode */ = {isa = PBXFileReference; explicitFileType = "compiled.mach-o.executable"; includeInIndex = 0; path = LeetCode; sourceTree = BUILT_PRODUCTS_DIR; };
		1959D9C722D714B20050D75E /* main.swift */ = {isa = PBXFileReference; lastKnownFileType = sourcecode.swift; path = main.swift; sourceTree = "<group>"; };
		1959D9CE22D714C10050D75E /* 1. Two Sum.swift */ = {isa = PBXFileReference; lastKnownFileType = sourcecode.swift; path = "1. Two Sum.swift"; sourceTree = "<group>"; };
		1959D9D022D717080050D75E /* 1108. Defanging an IP Address.swift */ = {isa = PBXFileReference; lastKnownFileType = sourcecode.swift; path = "1108. Defanging an IP Address.swift"; sourceTree = "<group>"; };
		1959D9D222D71CBE0050D75E /* 771. Jewels and Stones.swift */ = {isa = PBXFileReference; lastKnownFileType = sourcecode.swift; path = "771. Jewels and Stones.swift"; sourceTree = "<group>"; };
		1959D9D422D821F90050D75E /* 709. To Lower Case.swift */ = {isa = PBXFileReference; lastKnownFileType = sourcecode.swift; path = "709. To Lower Case.swift"; sourceTree = "<group>"; };
		1959D9D622D825AF0050D75E /* 938. Range Sum of BST.swift */ = {isa = PBXFileReference; lastKnownFileType = sourcecode.swift; path = "938. Range Sum of BST.swift"; sourceTree = "<group>"; };
		1959D9D822D830A00050D75E /* 1021. Remove Outermost Parantheses.swift */ = {isa = PBXFileReference; lastKnownFileType = sourcecode.swift; path = "1021. Remove Outermost Parantheses.swift"; sourceTree = "<group>"; };
		1959D9DA22D846610050D75E /* 804. Unique Morse Code Words.swift */ = {isa = PBXFileReference; lastKnownFileType = sourcecode.swift; path = "804. Unique Morse Code Words.swift"; sourceTree = "<group>"; };
		1959D9DC22D872B40050D75E /* 832. Flipping an Image.swift */ = {isa = PBXFileReference; lastKnownFileType = sourcecode.swift; path = "832. Flipping an Image.swift"; sourceTree = "<group>"; };
		1959D9DE22D87A1A0050D75E /* 905. Sort Array By Parity.swift */ = {isa = PBXFileReference; lastKnownFileType = sourcecode.swift; path = "905. Sort Array By Parity.swift"; sourceTree = "<group>"; };
		1959D9E022D8E78E0050D75E /* 961. N-Repeated Element in Size 2N Array.swift */ = {isa = PBXFileReference; lastKnownFileType = sourcecode.swift; path = "961. N-Repeated Element in Size 2N Array.swift"; sourceTree = "<group>"; };
		1959D9E222D8E9DC0050D75E /* 977. Squares of a Sorted Array.swift */ = {isa = PBXFileReference; lastKnownFileType = sourcecode.swift; path = "977. Squares of a Sorted Array.swift"; sourceTree = "<group>"; };
		1959D9E422D8EB2C0050D75E /* 657. Robot Return to Origin.swift */ = {isa = PBXFileReference; lastKnownFileType = sourcecode.swift; path = "657. Robot Return to Origin.swift"; sourceTree = "<group>"; };
		1959D9E622D8EDAD0050D75E /* 728. Self Dividing Numbers.swift */ = {isa = PBXFileReference; lastKnownFileType = sourcecode.swift; path = "728. Self Dividing Numbers.swift"; sourceTree = "<group>"; };
		1959D9E822D9C87A0050D75E /* 461. Hamming Distance.swift */ = {isa = PBXFileReference; lastKnownFileType = sourcecode.swift; path = "461. Hamming Distance.swift"; sourceTree = "<group>"; };
		1959D9EA22DB7BC30050D75E /* 617. Merge Two Binary Trees.swift */ = {isa = PBXFileReference; lastKnownFileType = sourcecode.swift; path = "617. Merge Two Binary Trees.swift"; sourceTree = "<group>"; };
		1959D9EC22DC0CB30050D75E /* 929. Unique Email Address.swift */ = {isa = PBXFileReference; lastKnownFileType = sourcecode.swift; path = "929. Unique Email Address.swift"; sourceTree = "<group>"; };
		19AF7CCA22DC9D2900A4366B /* 852. Peak Index in a Mountain Array.swift */ = {isa = PBXFileReference; lastKnownFileType = sourcecode.swift; path = "852. Peak Index in a Mountain Array.swift"; sourceTree = "<group>"; };
		19AF7CE322DD5E6800A4366B /* 1122. Relative Sort Array.swift */ = {isa = PBXFileReference; lastKnownFileType = sourcecode.swift; path = "1122. Relative Sort Array.swift"; sourceTree = "<group>"; };
/* End PBXFileReference section */

/* Begin PBXFrameworksBuildPhase section */
		1959D9C122D714B20050D75E /* Frameworks */ = {
			isa = PBXFrameworksBuildPhase;
			buildActionMask = 2147483647;
			files = (
			);
			runOnlyForDeploymentPostprocessing = 0;
		};
/* End PBXFrameworksBuildPhase section */

/* Begin PBXGroup section */
		1959D9BB22D714B20050D75E = {
			isa = PBXGroup;
			children = (
				19169313231BD53900EA8AC7 /* 412. Fizz Buzz.swift */,
				19169311231BD31500EA8AC7 /* 338. Counting Bits.swift */,
				1916930F231BA0B200EA8AC7 /* 557. Reverse Words in a String III.swift */,
				1916930D231B9F0F00EA8AC7 /* 876. Middle of the Linked List.swift */,
				1916930B231B9CBA00EA8AC7 /* 811. Subdomain Visit Count.swift */,
				19169309231B932B00EA8AC7 /* 965. Univalued Binary Tree.swift */,
				19169307231B90F100EA8AC7 /* 922. Sort Array By Parity II.swift */,
				19169305231B8E8700EA8AC7 /* 1051. Height Checker.swift */,
				19169303231B8B4F00EA8AC7 /* 700. Search in a Binary Search Tree.swift */,
				19169301231AA5F100EA8AC7 /* 944. Delete Columns to Make Sorted.swift */,
				191692FF231AA3AC00EA8AC7 /* 1160. Find Words That Can Be Formed by Characters.swift */,
				191692FD231A9D6400EA8AC7 /* 942. DI String Match.swift */,
				191692FB231A99E900EA8AC7 /* 561. Array Partition I.swift */,
				1959D9E422D8EB2C0050D75E /* 657. Robot Return to Origin.swift */,
				1959D9E222D8E9DC0050D75E /* 977. Squares of a Sorted Array.swift */,
				1959D9E022D8E78E0050D75E /* 961. N-Repeated Element in Size 2N Array.swift */,
				1959D9DE22D87A1A0050D75E /* 905. Sort Array By Parity.swift */,
				1959D9DC22D872B40050D75E /* 832. Flipping an Image.swift */,
				1959D9DA22D846610050D75E /* 804. Unique Morse Code Words.swift */,
				1959D9D822D830A00050D75E /* 1021. Remove Outermost Parantheses.swift */,
				1959D9D622D825AF0050D75E /* 938. Range Sum of BST.swift */,
				1959D9EA22DB7BC30050D75E /* 617. Merge Two Binary Trees.swift */,
				1959D9EC22DC0CB30050D75E /* 929. Unique Email Address.swift */,
				1959D9D422D821F90050D75E /* 709. To Lower Case.swift */,
				1959D9D222D71CBE0050D75E /* 771. Jewels and Stones.swift */,
				1959D9C722D714B20050D75E /* main.swift */,
				19497A3422E02E21007CE9AC /* 1078. Occurrences After Bigram.swift */,
				19497A3222DEB606007CE9AC /* 509. Fibonacci Number.swift */,
				19AF7CE322DD5E6800A4366B /* 1122. Relative Sort Array.swift */,
				19AF7CCA22DC9D2900A4366B /* 852. Peak Index in a Mountain Array.swift */,
				1959D9E822D9C87A0050D75E /* 461. Hamming Distance.swift */,
				1959D9E622D8EDAD0050D75E /* 728. Self Dividing Numbers.swift */,
				1959D9D022D717080050D75E /* 1108. Defanging an IP Address.swift */,
				1959D9CE22D714C10050D75E /* 1. Two Sum.swift */,
				1959D9C522D714B20050D75E /* Products */,
			);
			sourceTree = "<group>";
		};
		1959D9C522D714B20050D75E /* Products */ = {
			isa = PBXGroup;
			children = (
				1959D9C422D714B20050D75E /* LeetCode */,
			);
			name = Products;
			sourceTree = "<group>";
		};
/* End PBXGroup section */

/* Begin PBXNativeTarget section */
		1959D9C322D714B20050D75E /* LeetCode */ = {
			isa = PBXNativeTarget;
			buildConfigurationList = 1959D9CB22D714B20050D75E /* Build configuration list for PBXNativeTarget "LeetCode" */;
			buildPhases = (
				1959D9C022D714B20050D75E /* Sources */,
				1959D9C122D714B20050D75E /* Frameworks */,
				1959D9C222D714B20050D75E /* CopyFiles */,
			);
			buildRules = (
			);
			dependencies = (
			);
			name = LeetCode;
			productName = LeetCode;
			productReference = 1959D9C422D714B20050D75E /* LeetCode */;
			productType = "com.apple.product-type.tool";
		};
/* End PBXNativeTarget section */

/* Begin PBXProject section */
		1959D9BC22D714B20050D75E /* Project object */ = {
			isa = PBXProject;
			attributes = {
				LastSwiftUpdateCheck = 1020;
				LastUpgradeCheck = 1020;
				ORGANIZATIONNAME = presto;
				TargetAttributes = {
					1959D9C322D714B20050D75E = {
						CreatedOnToolsVersion = 10.2.1;
					};
				};
			};
			buildConfigurationList = 1959D9BF22D714B20050D75E /* Build configuration list for PBXProject "LeetCode" */;
			compatibilityVersion = "Xcode 9.3";
			developmentRegion = en;
			hasScannedForEncodings = 0;
			knownRegions = (
				en,
			);
			mainGroup = 1959D9BB22D714B20050D75E;
			productRefGroup = 1959D9C522D714B20050D75E /* Products */;
			projectDirPath = "";
			projectRoot = "";
			targets = (
				1959D9C322D714B20050D75E /* LeetCode */,
			);
		};
/* End PBXProject section */

/* Begin PBXSourcesBuildPhase section */
		1959D9C022D714B20050D75E /* Sources */ = {
			isa = PBXSourcesBuildPhase;
			buildActionMask = 2147483647;
			files = (
				19169312231BD31500EA8AC7 /* 338. Counting Bits.swift in Sources */,
				1959D9D122D717080050D75E /* 1108. Defanging an IP Address.swift in Sources */,
				191692FC231A99E900EA8AC7 /* 561. Array Partition I.swift in Sources */,
				1916930E231B9F0F00EA8AC7 /* 876. Middle of the Linked List.swift in Sources */,
				19497A3322DEB606007CE9AC /* 509. Fibonacci Number.swift in Sources */,
				1959D9DF22D87A1A0050D75E /* 905. Sort Array By Parity.swift in Sources */,
				191692FE231A9D6400EA8AC7 /* 942. DI String Match.swift in Sources */,
				19169308231B90F100EA8AC7 /* 922. Sort Array By Parity II.swift in Sources */,
				19169314231BD53900EA8AC7 /* 412. Fizz Buzz.swift in Sources */,
				19169310231BA0B200EA8AC7 /* 557. Reverse Words in a String III.swift in Sources */,
				1959D9E722D8EDAD0050D75E /* 728. Self Dividing Numbers.swift in Sources */,
				19169306231B8E8700EA8AC7 /* 1051. Height Checker.swift in Sources */,
				1959D9D322D71CBE0050D75E /* 771. Jewels and Stones.swift in Sources */,
				1959D9D922D830A00050D75E /* 1021. Remove Outermost Parantheses.swift in Sources */,
				19169304231B8B4F00EA8AC7 /* 700. Search in a Binary Search Tree.swift in Sources */,
				19497A3522E02E21007CE9AC /* 1078. Occurrences After Bigram.swift in Sources */,
				1959D9D522D821F90050D75E /* 709. To Lower Case.swift in Sources */,
				19AF7CCB22DC9D2900A4366B /* 852. Peak Index in a Mountain Array.swift in Sources */,
				1959D9C822D714B20050D75E /* main.swift in Sources */,
				19169302231AA5F100EA8AC7 /* 944. Delete Columns to Make Sorted.swift in Sources */,
				1959D9E322D8E9DC0050D75E /* 977. Squares of a Sorted Array.swift in Sources */,
				1959D9E522D8EB2C0050D75E /* 657. Robot Return to Origin.swift in Sources */,
				1959D9E922D9C87A0050D75E /* 461. Hamming Distance.swift in Sources */,
				1959D9E122D8E78E0050D75E /* 961. N-Repeated Element in Size 2N Array.swift in Sources */,
				1916930C231B9CBA00EA8AC7 /* 811. Subdomain Visit Count.swift in Sources */,
				1959D9D722D825AF0050D75E /* 938. Range Sum of BST.swift in Sources */,
				19AF7CE422DD5E6800A4366B /* 1122. Relative Sort Array.swift in Sources */,
				19169300231AA3AC00EA8AC7 /* 1160. Find Words That Can Be Formed by Characters.swift in Sources */,
				1916930A231B932B00EA8AC7 /* 965. Univalued Binary Tree.swift in Sources */,
				1959D9DB22D846610050D75E /* 804. Unique Morse Code Words.swift in Sources */,
				1959D9ED22DC0CB30050D75E /* 929. Unique Email Address.swift in Sources */,
				1959D9DD22D872B40050D75E /* 832. Flipping an Image.swift in Sources */,
				1959D9EB22DB7BC30050D75E /* 617. Merge Two Binary Trees.swift in Sources */,
				1959D9CF22D714C10050D75E /* 1. Two Sum.swift in Sources */,
			);
			runOnlyForDeploymentPostprocessing = 0;
		};
/* End PBXSourcesBuildPhase section */

/* Begin XCBuildConfiguration section */
		1959D9C922D714B20050D75E /* Debug */ = {
			isa = XCBuildConfiguration;
			buildSettings = {
				ALWAYS_SEARCH_USER_PATHS = NO;
				CLANG_ANALYZER_NONNULL = YES;
				CLANG_ANALYZER_NUMBER_OBJECT_CONVERSION = YES_AGGRESSIVE;
				CLANG_CXX_LANGUAGE_STANDARD = "gnu++14";
				CLANG_CXX_LIBRARY = "libc++";
				CLANG_ENABLE_MODULES = YES;
				CLANG_ENABLE_OBJC_ARC = YES;
				CLANG_ENABLE_OBJC_WEAK = YES;
				CLANG_WARN_BLOCK_CAPTURE_AUTORELEASING = YES;
				CLANG_WARN_BOOL_CONVERSION = YES;
				CLANG_WARN_COMMA = YES;
				CLANG_WARN_CONSTANT_CONVERSION = YES;
				CLANG_WARN_DEPRECATED_OBJC_IMPLEMENTATIONS = YES;
				CLANG_WARN_DIRECT_OBJC_ISA_USAGE = YES_ERROR;
				CLANG_WARN_DOCUMENTATION_COMMENTS = YES;
				CLANG_WARN_EMPTY_BODY = YES;
				CLANG_WARN_ENUM_CONVERSION = YES;
				CLANG_WARN_INFINITE_RECURSION = YES;
				CLANG_WARN_INT_CONVERSION = YES;
				CLANG_WARN_NON_LITERAL_NULL_CONVERSION = YES;
				CLANG_WARN_OBJC_IMPLICIT_RETAIN_SELF = YES;
				CLANG_WARN_OBJC_LITERAL_CONVERSION = YES;
				CLANG_WARN_OBJC_ROOT_CLASS = YES_ERROR;
				CLANG_WARN_RANGE_LOOP_ANALYSIS = YES;
				CLANG_WARN_STRICT_PROTOTYPES = YES;
				CLANG_WARN_SUSPICIOUS_MOVE = YES;
				CLANG_WARN_UNGUARDED_AVAILABILITY = YES_AGGRESSIVE;
				CLANG_WARN_UNREACHABLE_CODE = YES;
				CLANG_WARN__DUPLICATE_METHOD_MATCH = YES;
				CODE_SIGN_IDENTITY = "Mac Developer";
				COPY_PHASE_STRIP = NO;
				DEBUG_INFORMATION_FORMAT = dwarf;
				ENABLE_STRICT_OBJC_MSGSEND = YES;
				ENABLE_TESTABILITY = YES;
				GCC_C_LANGUAGE_STANDARD = gnu11;
				GCC_DYNAMIC_NO_PIC = NO;
				GCC_NO_COMMON_BLOCKS = YES;
				GCC_OPTIMIZATION_LEVEL = 0;
				GCC_PREPROCESSOR_DEFINITIONS = (
					"DEBUG=1",
					"$(inherited)",
				);
				GCC_WARN_64_TO_32_BIT_CONVERSION = YES;
				GCC_WARN_ABOUT_RETURN_TYPE = YES_ERROR;
				GCC_WARN_UNDECLARED_SELECTOR = YES;
				GCC_WARN_UNINITIALIZED_AUTOS = YES_AGGRESSIVE;
				GCC_WARN_UNUSED_FUNCTION = YES;
				GCC_WARN_UNUSED_VARIABLE = YES;
				MACOSX_DEPLOYMENT_TARGET = 10.14;
				MTL_ENABLE_DEBUG_INFO = INCLUDE_SOURCE;
				MTL_FAST_MATH = YES;
				ONLY_ACTIVE_ARCH = YES;
				SDKROOT = macosx;
				SWIFT_ACTIVE_COMPILATION_CONDITIONS = DEBUG;
				SWIFT_OPTIMIZATION_LEVEL = "-Onone";
			};
			name = Debug;
		};
		1959D9CA22D714B20050D75E /* Release */ = {
			isa = XCBuildConfiguration;
			buildSettings = {
				ALWAYS_SEARCH_USER_PATHS = NO;
				CLANG_ANALYZER_NONNULL = YES;
				CLANG_ANALYZER_NUMBER_OBJECT_CONVERSION = YES_AGGRESSIVE;
				CLANG_CXX_LANGUAGE_STANDARD = "gnu++14";
				CLANG_CXX_LIBRARY = "libc++";
				CLANG_ENABLE_MODULES = YES;
				CLANG_ENABLE_OBJC_ARC = YES;
				CLANG_ENABLE_OBJC_WEAK = YES;
				CLANG_WARN_BLOCK_CAPTURE_AUTORELEASING = YES;
				CLANG_WARN_BOOL_CONVERSION = YES;
				CLANG_WARN_COMMA = YES;
				CLANG_WARN_CONSTANT_CONVERSION = YES;
				CLANG_WARN_DEPRECATED_OBJC_IMPLEMENTATIONS = YES;
				CLANG_WARN_DIRECT_OBJC_ISA_USAGE = YES_ERROR;
				CLANG_WARN_DOCUMENTATION_COMMENTS = YES;
				CLANG_WARN_EMPTY_BODY = YES;
				CLANG_WARN_ENUM_CONVERSION = YES;
				CLANG_WARN_INFINITE_RECURSION = YES;
				CLANG_WARN_INT_CONVERSION = YES;
				CLANG_WARN_NON_LITERAL_NULL_CONVERSION = YES;
				CLANG_WARN_OBJC_IMPLICIT_RETAIN_SELF = YES;
				CLANG_WARN_OBJC_LITERAL_CONVERSION = YES;
				CLANG_WARN_OBJC_ROOT_CLASS = YES_ERROR;
				CLANG_WARN_RANGE_LOOP_ANALYSIS = YES;
				CLANG_WARN_STRICT_PROTOTYPES = YES;
				CLANG_WARN_SUSPICIOUS_MOVE = YES;
				CLANG_WARN_UNGUARDED_AVAILABILITY = YES_AGGRESSIVE;
				CLANG_WARN_UNREACHABLE_CODE = YES;
				CLANG_WARN__DUPLICATE_METHOD_MATCH = YES;
				CODE_SIGN_IDENTITY = "Mac Developer";
				COPY_PHASE_STRIP = NO;
				DEBUG_INFORMATION_FORMAT = "dwarf-with-dsym";
				ENABLE_NS_ASSERTIONS = NO;
				ENABLE_STRICT_OBJC_MSGSEND = YES;
				GCC_C_LANGUAGE_STANDARD = gnu11;
				GCC_NO_COMMON_BLOCKS = YES;
				GCC_WARN_64_TO_32_BIT_CONVERSION = YES;
				GCC_WARN_ABOUT_RETURN_TYPE = YES_ERROR;
				GCC_WARN_UNDECLARED_SELECTOR = YES;
				GCC_WARN_UNINITIALIZED_AUTOS = YES_AGGRESSIVE;
				GCC_WARN_UNUSED_FUNCTION = YES;
				GCC_WARN_UNUSED_VARIABLE = YES;
				MACOSX_DEPLOYMENT_TARGET = 10.14;
				MTL_ENABLE_DEBUG_INFO = NO;
				MTL_FAST_MATH = YES;
				SDKROOT = macosx;
				SWIFT_COMPILATION_MODE = wholemodule;
				SWIFT_OPTIMIZATION_LEVEL = "-O";
			};
			name = Release;
		};
		1959D9CC22D714B20050D75E /* Debug */ = {
			isa = XCBuildConfiguration;
			buildSettings = {
				CODE_SIGN_STYLE = Automatic;
				DEVELOPMENT_TEAM = H79MF628K3;
				PRODUCT_NAME = "$(TARGET_NAME)";
				SWIFT_VERSION = 5.0;
			};
			name = Debug;
		};
		1959D9CD22D714B20050D75E /* Release */ = {
			isa = XCBuildConfiguration;
			buildSettings = {
				CODE_SIGN_STYLE = Automatic;
				DEVELOPMENT_TEAM = H79MF628K3;
				PRODUCT_NAME = "$(TARGET_NAME)";
				SWIFT_VERSION = 5.0;
			};
			name = Release;
		};
/* End XCBuildConfiguration section */

/* Begin XCConfigurationList section */
		1959D9BF22D714B20050D75E /* Build configuration list for PBXProject "LeetCode" */ = {
			isa = XCConfigurationList;
			buildConfigurations = (
				1959D9C922D714B20050D75E /* Debug */,
				1959D9CA22D714B20050D75E /* Release */,
			);
			defaultConfigurationIsVisible = 0;
			defaultConfigurationName = Release;
		};
		1959D9CB22D714B20050D75E /* Build configuration list for PBXNativeTarget "LeetCode" */ = {
			isa = XCConfigurationList;
			buildConfigurations = (
				1959D9CC22D714B20050D75E /* Debug */,
				1959D9CD22D714B20050D75E /* Release */,
			);
			defaultConfigurationIsVisible = 0;
			defaultConfigurationName = Release;
		};
/* End XCConfigurationList section */
	};
	rootObject = 1959D9BC22D714B20050D75E /* Project object */;
}
