// !$*UTF8*$!
{
	archiveVersion = 1;
	classes = {
	};
	objectVersion = 50;
	objects = {

/* Begin PBXBuildFile section */
		1959D9C822D714B20050D75E /* main.swift in Sources */ = {isa = PBXBuildFile; fileRef = 1959D9C722D714B20050D75E /* main.swift */; };
		1959D9CF22D714C10050D75E /* 1. Two Sum.swift in Sources */ = {isa = PBXBuildFile; fileRef = 1959D9CE22D714C10050D75E /* 1. Two Sum.swift */; };
		1959D9D122D717080050D75E /* 1108. Defanging an IP Address.swift in Sources */ = {isa = PBXBuildFile; fileRef = 1959D9D022D717080050D75E /* 1108. Defanging an IP Address.swift */; };
		1959D9D322D71CBE0050D75E /* 771. Jewels and Stones.swift in Sources */ = {isa = PBXBuildFile; fileRef = 1959D9D222D71CBE0050D75E /* 771. Jewels and Stones.swift */; };
		1959D9D522D821F90050D75E /* 709. To Lower Case.swift in Sources */ = {isa = PBXBuildFile; fileRef = 1959D9D422D821F90050D75E /* 709. To Lower Case.swift */; };
		1959D9D722D825AF0050D75E /* 938. Range Sum of BST.swift in Sources */ = {isa = PBXBuildFile; fileRef = 1959D9D622D825AF0050D75E /* 938. Range Sum of BST.swift */; };
		1959D9D922D830A00050D75E /* 1021. Remove Outermost Parantheses.swift in Sources */ = {isa = PBXBuildFile; fileRef = 1959D9D822D830A00050D75E /* 1021. Remove Outermost Parantheses.swift */; };
		1959D9DB22D846610050D75E /* 804. Unique Morse Code Words.swift in Sources */ = {isa = PBXBuildFile; fileRef = 1959D9DA22D846610050D75E /* 804. Unique Morse Code Words.swift */; };
		1959D9DD22D872B40050D75E /* 832. Flipping an Image.swift in Sources */ = {isa = PBXBuildFile; fileRef = 1959D9DC22D872B40050D75E /* 832. Flipping an Image.swift */; };
		1959D9DF22D87A1A0050D75E /* 905. Sort Array By Parity.swift in Sources */ = {isa = PBXBuildFile; fileRef = 1959D9DE22D87A1A0050D75E /* 905. Sort Array By Parity.swift */; };
/* End PBXBuildFile section */

/* Begin PBXCopyFilesBuildPhase section */
		1959D9C222D714B20050D75E /* CopyFiles */ = {
			isa = PBXCopyFilesBuildPhase;
			buildActionMask = 2147483647;
			dstPath = /usr/share/man/man1/;
			dstSubfolderSpec = 0;
			files = (
			);
			runOnlyForDeploymentPostprocessing = 1;
		};
/* End PBXCopyFilesBuildPhase section */

/* Begin PBXFileReference section */
		1959D9C422D714B20050D75E /* LeetCode */ = {isa = PBXFileReference; explicitFileType = "compiled.mach-o.executable"; includeInIndex = 0; path = LeetCode; sourceTree = BUILT_PRODUCTS_DIR; };
		1959D9C722D714B20050D75E /* main.swift */ = {isa = PBXFileReference; lastKnownFileType = sourcecode.swift; path = main.swift; sourceTree = "<group>"; };
		1959D9CE22D714C10050D75E /* 1. Two Sum.swift */ = {isa = PBXFileReference; lastKnownFileType = sourcecode.swift; path = "1. Two Sum.swift"; sourceTree = "<group>"; };
		1959D9D022D717080050D75E /* 1108. Defanging an IP Address.swift */ = {isa = PBXFileReference; lastKnownFileType = sourcecode.swift; path = "1108. Defanging an IP Address.swift"; sourceTree = "<group>"; };
		1959D9D222D71CBE0050D75E /* 771. Jewels and Stones.swift */ = {isa = PBXFileReference; lastKnownFileType = sourcecode.swift; path = "771. Jewels and Stones.swift"; sourceTree = "<group>"; };
		1959D9D422D821F90050D75E /* 709. To Lower Case.swift */ = {isa = PBXFileReference; lastKnownFileType = sourcecode.swift; path = "709. To Lower Case.swift"; sourceTree = "<group>"; };
		1959D9D622D825AF0050D75E /* 938. Range Sum of BST.swift */ = {isa = PBXFileReference; lastKnownFileType = sourcecode.swift; path = "938. Range Sum of BST.swift"; sourceTree = "<group>"; };
		1959D9D822D830A00050D75E /* 1021. Remove Outermost Parantheses.swift */ = {isa = PBXFileReference; lastKnownFileType = sourcecode.swift; path = "1021. Remove Outermost Parantheses.swift"; sourceTree = "<group>"; };
		1959D9DA22D846610050D75E /* 804. Unique Morse Code Words.swift */ = {isa = PBXFileReference; lastKnownFileType = sourcecode.swift; path = "804. Unique Morse Code Words.swift"; sourceTree = "<group>"; };
		1959D9DC22D872B40050D75E /* 832. Flipping an Image.swift */ = {isa = PBXFileReference; lastKnownFileType = sourcecode.swift; path = "832. Flipping an Image.swift"; sourceTree = "<group>"; };
		1959D9DE22D87A1A0050D75E /* 905. Sort Array By Parity.swift */ = {isa = PBXFileReference; lastKnownFileType = sourcecode.swift; path = "905. Sort Array By Parity.swift"; sourceTree = "<group>"; };
/* End PBXFileReference section */

/* Begin PBXFrameworksBuildPhase section */
		1959D9C122D714B20050D75E /* Frameworks */ = {
			isa = PBXFrameworksBuildPhase;
			buildActionMask = 2147483647;
			files = (
			);
			runOnlyForDeploymentPostprocessing = 0;
		};
/* End PBXFrameworksBuildPhase section */

/* Begin PBXGroup section */
		1959D9BB22D714B20050D75E = {
			isa = PBXGroup;
			children = (
				1959D9DE22D87A1A0050D75E /* 905. Sort Array By Parity.swift */,
				1959D9DC22D872B40050D75E /* 832. Flipping an Image.swift */,
				1959D9DA22D846610050D75E /* 804. Unique Morse Code Words.swift */,
				1959D9D822D830A00050D75E /* 1021. Remove Outermost Parantheses.swift */,
				1959D9D622D825AF0050D75E /* 938. Range Sum of BST.swift */,
				1959D9D422D821F90050D75E /* 709. To Lower Case.swift */,
				1959D9D222D71CBE0050D75E /* 771. Jewels and Stones.swift */,
				1959D9C722D714B20050D75E /* main.swift */,
				1959D9D022D717080050D75E /* 1108. Defanging an IP Address.swift */,
				1959D9CE22D714C10050D75E /* 1. Two Sum.swift */,
				1959D9C522D714B20050D75E /* Products */,
			);
			sourceTree = "<group>";
		};
		1959D9C522D714B20050D75E /* Products */ = {
			isa = PBXGroup;
			children = (
				1959D9C422D714B20050D75E /* LeetCode */,
			);
			name = Products;
			sourceTree = "<group>";
		};
/* End PBXGroup section */

/* Begin PBXNativeTarget section */
		1959D9C322D714B20050D75E /* LeetCode */ = {
			isa = PBXNativeTarget;
			buildConfigurationList = 1959D9CB22D714B20050D75E /* Build configuration list for PBXNativeTarget "LeetCode" */;
			buildPhases = (
				1959D9C022D714B20050D75E /* Sources */,
				1959D9C122D714B20050D75E /* Frameworks */,
				1959D9C222D714B20050D75E /* CopyFiles */,
			);
			buildRules = (
			);
			dependencies = (
			);
			name = LeetCode;
			productName = LeetCode;
			productReference = 1959D9C422D714B20050D75E /* LeetCode */;
			productType = "com.apple.product-type.tool";
		};
/* End PBXNativeTarget section */

/* Begin PBXProject section */
		1959D9BC22D714B20050D75E /* Project object */ = {
			isa = PBXProject;
			attributes = {
				LastSwiftUpdateCheck = 1020;
				LastUpgradeCheck = 1020;
				ORGANIZATIONNAME = presto;
				TargetAttributes = {
					1959D9C322D714B20050D75E = {
						CreatedOnToolsVersion = 10.2.1;
					};
				};
			};
			buildConfigurationList = 1959D9BF22D714B20050D75E /* Build configuration list for PBXProject "LeetCode" */;
			compatibilityVersion = "Xcode 9.3";
			developmentRegion = en;
			hasScannedForEncodings = 0;
			knownRegions = (
				en,
			);
			mainGroup = 1959D9BB22D714B20050D75E;
			productRefGroup = 1959D9C522D714B20050D75E /* Products */;
			projectDirPath = "";
			projectRoot = "";
			targets = (
				1959D9C322D714B20050D75E /* LeetCode */,
			);
		};
/* End PBXProject section */

/* Begin PBXSourcesBuildPhase section */
		1959D9C022D714B20050D75E /* Sources */ = {
			isa = PBXSourcesBuildPhase;
			buildActionMask = 2147483647;
			files = (
				1959D9D122D717080050D75E /* 1108. Defanging an IP Address.swift in Sources */,
				1959D9DF22D87A1A0050D75E /* 905. Sort Array By Parity.swift in Sources */,
				1959D9D322D71CBE0050D75E /* 771. Jewels and Stones.swift in Sources */,
				1959D9D922D830A00050D75E /* 1021. Remove Outermost Parantheses.swift in Sources */,
				1959D9D522D821F90050D75E /* 709. To Lower Case.swift in Sources */,
				1959D9C822D714B20050D75E /* main.swift in Sources */,
				1959D9D722D825AF0050D75E /* 938. Range Sum of BST.swift in Sources */,
				1959D9DB22D846610050D75E /* 804. Unique Morse Code Words.swift in Sources */,
				1959D9DD22D872B40050D75E /* 832. Flipping an Image.swift in Sources */,
				1959D9CF22D714C10050D75E /* 1. Two Sum.swift in Sources */,
			);
			runOnlyForDeploymentPostprocessing = 0;
		};
/* End PBXSourcesBuildPhase section */

/* Begin XCBuildConfiguration section */
		1959D9C922D714B20050D75E /* Debug */ = {
			isa = XCBuildConfiguration;
			buildSettings = {
				ALWAYS_SEARCH_USER_PATHS = NO;
				CLANG_ANALYZER_NONNULL = YES;
				CLANG_ANALYZER_NUMBER_OBJECT_CONVERSION = YES_AGGRESSIVE;
				CLANG_CXX_LANGUAGE_STANDARD = "gnu++14";
				CLANG_CXX_LIBRARY = "libc++";
				CLANG_ENABLE_MODULES = YES;
				CLANG_ENABLE_OBJC_ARC = YES;
				CLANG_ENABLE_OBJC_WEAK = YES;
				CLANG_WARN_BLOCK_CAPTURE_AUTORELEASING = YES;
				CLANG_WARN_BOOL_CONVERSION = YES;
				CLANG_WARN_COMMA = YES;
				CLANG_WARN_CONSTANT_CONVERSION = YES;
				CLANG_WARN_DEPRECATED_OBJC_IMPLEMENTATIONS = YES;
				CLANG_WARN_DIRECT_OBJC_ISA_USAGE = YES_ERROR;
				CLANG_WARN_DOCUMENTATION_COMMENTS = YES;
				CLANG_WARN_EMPTY_BODY = YES;
				CLANG_WARN_ENUM_CONVERSION = YES;
				CLANG_WARN_INFINITE_RECURSION = YES;
				CLANG_WARN_INT_CONVERSION = YES;
				CLANG_WARN_NON_LITERAL_NULL_CONVERSION = YES;
				CLANG_WARN_OBJC_IMPLICIT_RETAIN_SELF = YES;
				CLANG_WARN_OBJC_LITERAL_CONVERSION = YES;
				CLANG_WARN_OBJC_ROOT_CLASS = YES_ERROR;
				CLANG_WARN_RANGE_LOOP_ANALYSIS = YES;
				CLANG_WARN_STRICT_PROTOTYPES = YES;
				CLANG_WARN_SUSPICIOUS_MOVE = YES;
				CLANG_WARN_UNGUARDED_AVAILABILITY = YES_AGGRESSIVE;
				CLANG_WARN_UNREACHABLE_CODE = YES;
				CLANG_WARN__DUPLICATE_METHOD_MATCH = YES;
				CODE_SIGN_IDENTITY = "Mac Developer";
				COPY_PHASE_STRIP = NO;
				DEBUG_INFORMATION_FORMAT = dwarf;
				ENABLE_STRICT_OBJC_MSGSEND = YES;
				ENABLE_TESTABILITY = YES;
				GCC_C_LANGUAGE_STANDARD = gnu11;
				GCC_DYNAMIC_NO_PIC = NO;
				GCC_NO_COMMON_BLOCKS = YES;
				GCC_OPTIMIZATION_LEVEL = 0;
				GCC_PREPROCESSOR_DEFINITIONS = (
					"DEBUG=1",
					"$(inherited)",
				);
				GCC_WARN_64_TO_32_BIT_CONVERSION = YES;
				GCC_WARN_ABOUT_RETURN_TYPE = YES_ERROR;
				GCC_WARN_UNDECLARED_SELECTOR = YES;
				GCC_WARN_UNINITIALIZED_AUTOS = YES_AGGRESSIVE;
				GCC_WARN_UNUSED_FUNCTION = YES;
				GCC_WARN_UNUSED_VARIABLE = YES;
				MACOSX_DEPLOYMENT_TARGET = 10.14;
				MTL_ENABLE_DEBUG_INFO = INCLUDE_SOURCE;
				MTL_FAST_MATH = YES;
				ONLY_ACTIVE_ARCH = YES;
				SDKROOT = macosx;
				SWIFT_ACTIVE_COMPILATION_CONDITIONS = DEBUG;
				SWIFT_OPTIMIZATION_LEVEL = "-Onone";
			};
			name = Debug;
		};
		1959D9CA22D714B20050D75E /* Release */ = {
			isa = XCBuildConfiguration;
			buildSettings = {
				ALWAYS_SEARCH_USER_PATHS = NO;
				CLANG_ANALYZER_NONNULL = YES;
				CLANG_ANALYZER_NUMBER_OBJECT_CONVERSION = YES_AGGRESSIVE;
				CLANG_CXX_LANGUAGE_STANDARD = "gnu++14";
				CLANG_CXX_LIBRARY = "libc++";
				CLANG_ENABLE_MODULES = YES;
				CLANG_ENABLE_OBJC_ARC = YES;
				CLANG_ENABLE_OBJC_WEAK = YES;
				CLANG_WARN_BLOCK_CAPTURE_AUTORELEASING = YES;
				CLANG_WARN_BOOL_CONVERSION = YES;
				CLANG_WARN_COMMA = YES;
				CLANG_WARN_CONSTANT_CONVERSION = YES;
				CLANG_WARN_DEPRECATED_OBJC_IMPLEMENTATIONS = YES;
				CLANG_WARN_DIRECT_OBJC_ISA_USAGE = YES_ERROR;
				CLANG_WARN_DOCUMENTATION_COMMENTS = YES;
				CLANG_WARN_EMPTY_BODY = YES;
				CLANG_WARN_ENUM_CONVERSION = YES;
				CLANG_WARN_INFINITE_RECURSION = YES;
				CLANG_WARN_INT_CONVERSION = YES;
				CLANG_WARN_NON_LITERAL_NULL_CONVERSION = YES;
				CLANG_WARN_OBJC_IMPLICIT_RETAIN_SELF = YES;
				CLANG_WARN_OBJC_LITERAL_CONVERSION = YES;
				CLANG_WARN_OBJC_ROOT_CLASS = YES_ERROR;
				CLANG_WARN_RANGE_LOOP_ANALYSIS = YES;
				CLANG_WARN_STRICT_PROTOTYPES = YES;
				CLANG_WARN_SUSPICIOUS_MOVE = YES;
				CLANG_WARN_UNGUARDED_AVAILABILITY = YES_AGGRESSIVE;
				CLANG_WARN_UNREACHABLE_CODE = YES;
				CLANG_WARN__DUPLICATE_METHOD_MATCH = YES;
				CODE_SIGN_IDENTITY = "Mac Developer";
				COPY_PHASE_STRIP = NO;
				DEBUG_INFORMATION_FORMAT = "dwarf-with-dsym";
				ENABLE_NS_ASSERTIONS = NO;
				ENABLE_STRICT_OBJC_MSGSEND = YES;
				GCC_C_LANGUAGE_STANDARD = gnu11;
				GCC_NO_COMMON_BLOCKS = YES;
				GCC_WARN_64_TO_32_BIT_CONVERSION = YES;
				GCC_WARN_ABOUT_RETURN_TYPE = YES_ERROR;
				GCC_WARN_UNDECLARED_SELECTOR = YES;
				GCC_WARN_UNINITIALIZED_AUTOS = YES_AGGRESSIVE;
				GCC_WARN_UNUSED_FUNCTION = YES;
				GCC_WARN_UNUSED_VARIABLE = YES;
				MACOSX_DEPLOYMENT_TARGET = 10.14;
				MTL_ENABLE_DEBUG_INFO = NO;
				MTL_FAST_MATH = YES;
				SDKROOT = macosx;
				SWIFT_COMPILATION_MODE = wholemodule;
				SWIFT_OPTIMIZATION_LEVEL = "-O";
			};
			name = Release;
		};
		1959D9CC22D714B20050D75E /* Debug */ = {
			isa = XCBuildConfiguration;
			buildSettings = {
				CODE_SIGN_STYLE = Automatic;
				DEVELOPMENT_TEAM = H79MF628K3;
				PRODUCT_NAME = "$(TARGET_NAME)";
				SWIFT_VERSION = 5.0;
			};
			name = Debug;
		};
		1959D9CD22D714B20050D75E /* Release */ = {
			isa = XCBuildConfiguration;
			buildSettings = {
				CODE_SIGN_STYLE = Automatic;
				DEVELOPMENT_TEAM = H79MF628K3;
				PRODUCT_NAME = "$(TARGET_NAME)";
				SWIFT_VERSION = 5.0;
			};
			name = Release;
		};
/* End XCBuildConfiguration section */

/* Begin XCConfigurationList section */
		1959D9BF22D714B20050D75E /* Build configuration list for PBXProject "LeetCode" */ = {
			isa = XCConfigurationList;
			buildConfigurations = (
				1959D9C922D714B20050D75E /* Debug */,
				1959D9CA22D714B20050D75E /* Release */,
			);
			defaultConfigurationIsVisible = 0;
			defaultConfigurationName = Release;
		};
		1959D9CB22D714B20050D75E /* Build configuration list for PBXNativeTarget "LeetCode" */ = {
			isa = XCConfigurationList;
			buildConfigurations = (
				1959D9CC22D714B20050D75E /* Debug */,
				1959D9CD22D714B20050D75E /* Release */,
			);
			defaultConfigurationIsVisible = 0;
			defaultConfigurationName = Release;
		};
/* End XCConfigurationList section */
	};
	rootObject = 1959D9BC22D714B20050D75E /* Project object */;
}
